Microsoft Visual Studio Solution File, Format Version 12.00
# Visual Studio 15
VisualStudioVersion = 15.0.26228.12
MinimumVisualStudioVersion = 10.0.40219.1
Project("{FAE04EC0-301F-11D3-BF4B-00C04F79EFBC}") = "IO.Swagger", "src\IO.Swagger\IO.Swagger.csproj", "{D402F35F-C8CB-4EF0-9DD2-9EC74C7F513A}"
EndProject
Project("{FAE04EC0-301F-11D3-BF4B-00C04F79EFBC}") = "Nfeio.Client.Test", "Nfeio.Client.Test\Nfeio.Client.Test.csproj", "{495B2C96-DCD5-4545-943C-07D09D2906A2}"
EndProject
Global
	GlobalSection(SolutionConfigurationPlatforms) = preSolution
		Debug|Any CPU = Debug|Any CPU
		Release|Any CPU = Release|Any CPU
	EndGlobalSection
	GlobalSection(ProjectConfigurationPlatforms) = postSolution
		{D402F35F-C8CB-4EF0-9DD2-9EC74C7F513A}.Debug|Any CPU.ActiveCfg = Debug|Any CPU
		{D402F35F-C8CB-4EF0-9DD2-9EC74C7F513A}.Debug|Any CPU.Build.0 = Debug|Any CPU
		{D402F35F-C8CB-4EF0-9DD2-9EC74C7F513A}.Release|Any CPU.ActiveCfg = Release|Any CPU
		{D402F35F-C8CB-4EF0-9DD2-9EC74C7F513A}.Release|Any CPU.Build.0 = Release|Any CPU
		{495B2C96-DCD5-4545-943C-07D09D2906A2}.Debug|Any CPU.ActiveCfg = Debug|Any CPU
		{495B2C96-DCD5-4545-943C-07D09D2906A2}.Debug|Any CPU.Build.0 = Debug|Any CPU
		{495B2C96-DCD5-4545-943C-07D09D2906A2}.Release|Any CPU.ActiveCfg = Release|Any CPU
		{495B2C96-DCD5-4545-943C-07D09D2906A2}.Release|Any CPU.Build.0 = Release|Any CPU
	EndGlobalSection
	GlobalSection(SolutionProperties) = preSolution
		HideSolutionNode = FALSE
	EndGlobalSection
EndGlobal
